// !$*UTF8*$!
{
	archiveVersion = 1;
	classes = {
	};
	objectVersion = 56;
	objects = {

/* Begin PBXBuildFile section */
		6F8FA5C428FF8B2200C614F4 /* morning_routineApp.swift in Sources */ = {isa = PBXBuildFile; fileRef = 6F8FA5C328FF8B2200C614F4 /* morning_routineApp.swift */; };
		6F8FA5C628FF8B2200C614F4 /* ContentView.swift in Sources */ = {isa = PBXBuildFile; fileRef = 6F8FA5C528FF8B2200C614F4 /* ContentView.swift */; };
		6F8FA5C828FF8B2700C614F4 /* Assets.xcassets in Resources */ = {isa = PBXBuildFile; fileRef = 6F8FA5C728FF8B2700C614F4 /* Assets.xcassets */; };
		6F8FA5CB28FF8B2700C614F4 /* Preview Assets.xcassets in Resources */ = {isa = PBXBuildFile; fileRef = 6F8FA5CA28FF8B2700C614F4 /* Preview Assets.xcassets */; };
		6F8FA5D528FF8B2700C614F4 /* morning_routineTests.swift in Sources */ = {isa = PBXBuildFile; fileRef = 6F8FA5D428FF8B2700C614F4 /* morning_routineTests.swift */; };
		6F8FA5DF28FF8B2700C614F4 /* morning_routineUITests.swift in Sources */ = {isa = PBXBuildFile; fileRef = 6F8FA5DE28FF8B2700C614F4 /* morning_routineUITests.swift */; };
		6F8FA5E128FF8B2700C614F4 /* morning_routineUITestsLaunchTests.swift in Sources */ = {isa = PBXBuildFile; fileRef = 6F8FA5E028FF8B2700C614F4 /* morning_routineUITestsLaunchTests.swift */; };
		6F8FA5E728FF8B2700C614F4 /* morning-routine Watch App.app in Embed Watch Content */ = {isa = PBXBuildFile; fileRef = 6F8FA5E628FF8B2700C614F4 /* morning-routine Watch App.app */; settings = {ATTRIBUTES = (RemoveHeadersOnCopy, ); }; };
		6F8FA5EC28FF8B2700C614F4 /* morning_routineApp.swift in Sources */ = {isa = PBXBuildFile; fileRef = 6F8FA5EB28FF8B2700C614F4 /* morning_routineApp.swift */; };
		6F8FA5EE28FF8B2700C614F4 /* ContentView.swift in Sources */ = {isa = PBXBuildFile; fileRef = 6F8FA5ED28FF8B2700C614F4 /* ContentView.swift */; };
		6F8FA5F028FF8B2900C614F4 /* Assets.xcassets in Resources */ = {isa = PBXBuildFile; fileRef = 6F8FA5EF28FF8B2900C614F4 /* Assets.xcassets */; };
		6F8FA5F328FF8B2900C614F4 /* Preview Assets.xcassets in Resources */ = {isa = PBXBuildFile; fileRef = 6F8FA5F228FF8B2900C614F4 /* Preview Assets.xcassets */; };
		6F8FA5FD28FF8B2900C614F4 /* morning_routine_Watch_AppTests.swift in Sources */ = {isa = PBXBuildFile; fileRef = 6F8FA5FC28FF8B2900C614F4 /* morning_routine_Watch_AppTests.swift */; };
		6F8FA60728FF8B2900C614F4 /* morning_routine_Watch_AppUITests.swift in Sources */ = {isa = PBXBuildFile; fileRef = 6F8FA60628FF8B2900C614F4 /* morning_routine_Watch_AppUITests.swift */; };
		6F8FA60928FF8B2900C614F4 /* morning_routine_Watch_AppUITestsLaunchTests.swift in Sources */ = {isa = PBXBuildFile; fileRef = 6F8FA60828FF8B2900C614F4 /* morning_routine_Watch_AppUITestsLaunchTests.swift */; };
/* End PBXBuildFile section */

/* Begin PBXContainerItemProxy section */
		6F8FA5D128FF8B2700C614F4 /* PBXContainerItemProxy */ = {
			isa = PBXContainerItemProxy;
			containerPortal = 6F8FA5B828FF8B2200C614F4 /* Project object */;
			proxyType = 1;
			remoteGlobalIDString = 6F8FA5BF28FF8B2200C614F4;
			remoteInfo = "morning-routine";
		};
		6F8FA5DB28FF8B2700C614F4 /* PBXContainerItemProxy */ = {
			isa = PBXContainerItemProxy;
			containerPortal = 6F8FA5B828FF8B2200C614F4 /* Project object */;
			proxyType = 1;
			remoteGlobalIDString = 6F8FA5BF28FF8B2200C614F4;
			remoteInfo = "morning-routine";
		};
		6F8FA5E828FF8B2700C614F4 /* PBXContainerItemProxy */ = {
			isa = PBXContainerItemProxy;
			containerPortal = 6F8FA5B828FF8B2200C614F4 /* Project object */;
			proxyType = 1;
			remoteGlobalIDString = 6F8FA5E528FF8B2700C614F4;
			remoteInfo = "morning-routine Watch App";
		};
		6F8FA5F928FF8B2900C614F4 /* PBXContainerItemProxy */ = {
			isa = PBXContainerItemProxy;
			containerPortal = 6F8FA5B828FF8B2200C614F4 /* Project object */;
			proxyType = 1;
			remoteGlobalIDString = 6F8FA5E528FF8B2700C614F4;
			remoteInfo = "morning-routine Watch App";
		};
		6F8FA60328FF8B2900C614F4 /* PBXContainerItemProxy */ = {
			isa = PBXContainerItemProxy;
			containerPortal = 6F8FA5B828FF8B2200C614F4 /* Project object */;
			proxyType = 1;
			remoteGlobalIDString = 6F8FA5E528FF8B2700C614F4;
			remoteInfo = "morning-routine Watch App";
		};
/* End PBXContainerItemProxy section */

/* Begin PBXCopyFilesBuildPhase section */
		6F8FA60F28FF8B2900C614F4 /* Embed Watch Content */ = {
			isa = PBXCopyFilesBuildPhase;
			buildActionMask = 2147483647;
			dstPath = "$(CONTENTS_FOLDER_PATH)/Watch";
			dstSubfolderSpec = 16;
			files = (
				6F8FA5E728FF8B2700C614F4 /* morning-routine Watch App.app in Embed Watch Content */,
			);
			name = "Embed Watch Content";
			runOnlyForDeploymentPostprocessing = 0;
		};
/* End PBXCopyFilesBuildPhase section */

/* Begin PBXFileReference section */
		6F8FA5C028FF8B2200C614F4 /* morning-routine.app */ = {isa = PBXFileReference; explicitFileType = wrapper.application; includeInIndex = 0; path = "morning-routine.app"; sourceTree = BUILT_PRODUCTS_DIR; };
		6F8FA5C328FF8B2200C614F4 /* morning_routineApp.swift */ = {isa = PBXFileReference; lastKnownFileType = sourcecode.swift; path = morning_routineApp.swift; sourceTree = "<group>"; };
		6F8FA5C528FF8B2200C614F4 /* ContentView.swift */ = {isa = PBXFileReference; lastKnownFileType = sourcecode.swift; path = ContentView.swift; sourceTree = "<group>"; };
		6F8FA5C728FF8B2700C614F4 /* Assets.xcassets */ = {isa = PBXFileReference; lastKnownFileType = folder.assetcatalog; path = Assets.xcassets; sourceTree = "<group>"; };
		6F8FA5CA28FF8B2700C614F4 /* Preview Assets.xcassets */ = {isa = PBXFileReference; lastKnownFileType = folder.assetcatalog; path = "Preview Assets.xcassets"; sourceTree = "<group>"; };
		6F8FA5D028FF8B2700C614F4 /* morning-routineTests.xctest */ = {isa = PBXFileReference; explicitFileType = wrapper.cfbundle; includeInIndex = 0; path = "morning-routineTests.xctest"; sourceTree = BUILT_PRODUCTS_DIR; };
		6F8FA5D428FF8B2700C614F4 /* morning_routineTests.swift */ = {isa = PBXFileReference; lastKnownFileType = sourcecode.swift; path = morning_routineTests.swift; sourceTree = "<group>"; };
		6F8FA5DA28FF8B2700C614F4 /* morning-routineUITests.xctest */ = {isa = PBXFileReference; explicitFileType = wrapper.cfbundle; includeInIndex = 0; path = "morning-routineUITests.xctest"; sourceTree = BUILT_PRODUCTS_DIR; };
		6F8FA5DE28FF8B2700C614F4 /* morning_routineUITests.swift */ = {isa = PBXFileReference; lastKnownFileType = sourcecode.swift; path = morning_routineUITests.swift; sourceTree = "<group>"; };
		6F8FA5E028FF8B2700C614F4 /* morning_routineUITestsLaunchTests.swift */ = {isa = PBXFileReference; lastKnownFileType = sourcecode.swift; path = morning_routineUITestsLaunchTests.swift; sourceTree = "<group>"; };
		6F8FA5E628FF8B2700C614F4 /* morning-routine Watch App.app */ = {isa = PBXFileReference; explicitFileType = wrapper.application; includeInIndex = 0; path = "morning-routine Watch App.app"; sourceTree = BUILT_PRODUCTS_DIR; };
		6F8FA5EB28FF8B2700C614F4 /* morning_routineApp.swift */ = {isa = PBXFileReference; lastKnownFileType = sourcecode.swift; path = morning_routineApp.swift; sourceTree = "<group>"; };
		6F8FA5ED28FF8B2700C614F4 /* ContentView.swift */ = {isa = PBXFileReference; lastKnownFileType = sourcecode.swift; path = ContentView.swift; sourceTree = "<group>"; };
		6F8FA5EF28FF8B2900C614F4 /* Assets.xcassets */ = {isa = PBXFileReference; lastKnownFileType = folder.assetcatalog; path = Assets.xcassets; sourceTree = "<group>"; };
		6F8FA5F228FF8B2900C614F4 /* Preview Assets.xcassets */ = {isa = PBXFileReference; lastKnownFileType = folder.assetcatalog; path = "Preview Assets.xcassets"; sourceTree = "<group>"; };
		6F8FA5F828FF8B2900C614F4 /* morning-routine Watch AppTests.xctest */ = {isa = PBXFileReference; explicitFileType = wrapper.cfbundle; includeInIndex = 0; path = "morning-routine Watch AppTests.xctest"; sourceTree = BUILT_PRODUCTS_DIR; };
		6F8FA5FC28FF8B2900C614F4 /* morning_routine_Watch_AppTests.swift */ = {isa = PBXFileReference; lastKnownFileType = sourcecode.swift; path = morning_routine_Watch_AppTests.swift; sourceTree = "<group>"; };
		6F8FA60228FF8B2900C614F4 /* morning-routine Watch AppUITests.xctest */ = {isa = PBXFileReference; explicitFileType = wrapper.cfbundle; includeInIndex = 0; path = "morning-routine Watch AppUITests.xctest"; sourceTree = BUILT_PRODUCTS_DIR; };
		6F8FA60628FF8B2900C614F4 /* morning_routine_Watch_AppUITests.swift */ = {isa = PBXFileReference; lastKnownFileType = sourcecode.swift; path = morning_routine_Watch_AppUITests.swift; sourceTree = "<group>"; };
		6F8FA60828FF8B2900C614F4 /* morning_routine_Watch_AppUITestsLaunchTests.swift */ = {isa = PBXFileReference; lastKnownFileType = sourcecode.swift; path = morning_routine_Watch_AppUITestsLaunchTests.swift; sourceTree = "<group>"; };
/* End PBXFileReference section */

/* Begin PBXFrameworksBuildPhase section */
		6F8FA5BD28FF8B2200C614F4 /* Frameworks */ = {
			isa = PBXFrameworksBuildPhase;
			buildActionMask = 2147483647;
			files = (
			);
			runOnlyForDeploymentPostprocessing = 0;
		};
		6F8FA5CD28FF8B2700C614F4 /* Frameworks */ = {
			isa = PBXFrameworksBuildPhase;
			buildActionMask = 2147483647;
			files = (
			);
			runOnlyForDeploymentPostprocessing = 0;
		};
		6F8FA5D728FF8B2700C614F4 /* Frameworks */ = {
			isa = PBXFrameworksBuildPhase;
			buildActionMask = 2147483647;
			files = (
			);
			runOnlyForDeploymentPostprocessing = 0;
		};
		6F8FA5E328FF8B2700C614F4 /* Frameworks */ = {
			isa = PBXFrameworksBuildPhase;
			buildActionMask = 2147483647;
			files = (
			);
			runOnlyForDeploymentPostprocessing = 0;
		};
		6F8FA5F528FF8B2900C614F4 /* Frameworks */ = {
			isa = PBXFrameworksBuildPhase;
			buildActionMask = 2147483647;
			files = (
			);
			runOnlyForDeploymentPostprocessing = 0;
		};
		6F8FA5FF28FF8B2900C614F4 /* Frameworks */ = {
			isa = PBXFrameworksBuildPhase;
			buildActionMask = 2147483647;
			files = (
			);
			runOnlyForDeploymentPostprocessing = 0;
		};
/* End PBXFrameworksBuildPhase section */

/* Begin PBXGroup section */
		6F8FA5B728FF8B2200C614F4 = {
			isa = PBXGroup;
			children = (
				6F8FA5C228FF8B2200C614F4 /* morning-routine */,
				6F8FA5D328FF8B2700C614F4 /* morning-routineTests */,
				6F8FA5DD28FF8B2700C614F4 /* morning-routineUITests */,
				6F8FA5EA28FF8B2700C614F4 /* morning-routine Watch App */,
				6F8FA5FB28FF8B2900C614F4 /* morning-routine Watch AppTests */,
				6F8FA60528FF8B2900C614F4 /* morning-routine Watch AppUITests */,
				6F8FA5C128FF8B2200C614F4 /* Products */,
			);
			sourceTree = "<group>";
		};
		6F8FA5C128FF8B2200C614F4 /* Products */ = {
			isa = PBXGroup;
			children = (
				6F8FA5C028FF8B2200C614F4 /* morning-routine.app */,
				6F8FA5D028FF8B2700C614F4 /* morning-routineTests.xctest */,
				6F8FA5DA28FF8B2700C614F4 /* morning-routineUITests.xctest */,
				6F8FA5E628FF8B2700C614F4 /* morning-routine Watch App.app */,
				6F8FA5F828FF8B2900C614F4 /* morning-routine Watch AppTests.xctest */,
				6F8FA60228FF8B2900C614F4 /* morning-routine Watch AppUITests.xctest */,
			);
			name = Products;
			sourceTree = "<group>";
		};
		6F8FA5C228FF8B2200C614F4 /* morning-routine */ = {
			isa = PBXGroup;
			children = (
				6F8FA5C328FF8B2200C614F4 /* morning_routineApp.swift */,
				6F8FA5C528FF8B2200C614F4 /* ContentView.swift */,
				6F8FA5C728FF8B2700C614F4 /* Assets.xcassets */,
				6F8FA5C928FF8B2700C614F4 /* Preview Content */,
			);
			path = "morning-routine";
			sourceTree = "<group>";
		};
		6F8FA5C928FF8B2700C614F4 /* Preview Content */ = {
			isa = PBXGroup;
			children = (
				6F8FA5CA28FF8B2700C614F4 /* Preview Assets.xcassets */,
			);
			path = "Preview Content";
			sourceTree = "<group>";
		};
		6F8FA5D328FF8B2700C614F4 /* morning-routineTests */ = {
			isa = PBXGroup;
			children = (
				6F8FA5D428FF8B2700C614F4 /* morning_routineTests.swift */,
			);
			path = "morning-routineTests";
			sourceTree = "<group>";
		};
		6F8FA5DD28FF8B2700C614F4 /* morning-routineUITests */ = {
			isa = PBXGroup;
			children = (
				6F8FA5DE28FF8B2700C614F4 /* morning_routineUITests.swift */,
				6F8FA5E028FF8B2700C614F4 /* morning_routineUITestsLaunchTests.swift */,
			);
			path = "morning-routineUITests";
			sourceTree = "<group>";
		};
		6F8FA5EA28FF8B2700C614F4 /* morning-routine Watch App */ = {
			isa = PBXGroup;
			children = (
				6F8FA5EB28FF8B2700C614F4 /* morning_routineApp.swift */,
				6F8FA5ED28FF8B2700C614F4 /* ContentView.swift */,
				6F8FA5EF28FF8B2900C614F4 /* Assets.xcassets */,
				6F8FA5F128FF8B2900C614F4 /* Preview Content */,
			);
			path = "morning-routine Watch App";
			sourceTree = "<group>";
		};
		6F8FA5F128FF8B2900C614F4 /* Preview Content */ = {
			isa = PBXGroup;
			children = (
				6F8FA5F228FF8B2900C614F4 /* Preview Assets.xcassets */,
			);
			path = "Preview Content";
			sourceTree = "<group>";
		};
		6F8FA5FB28FF8B2900C614F4 /* morning-routine Watch AppTests */ = {
			isa = PBXGroup;
			children = (
				6F8FA5FC28FF8B2900C614F4 /* morning_routine_Watch_AppTests.swift */,
			);
			path = "morning-routine Watch AppTests";
			sourceTree = "<group>";
		};
		6F8FA60528FF8B2900C614F4 /* morning-routine Watch AppUITests */ = {
			isa = PBXGroup;
			children = (
				6F8FA60628FF8B2900C614F4 /* morning_routine_Watch_AppUITests.swift */,
				6F8FA60828FF8B2900C614F4 /* morning_routine_Watch_AppUITestsLaunchTests.swift */,
			);
			path = "morning-routine Watch AppUITests";
			sourceTree = "<group>";
		};
/* End PBXGroup section */

/* Begin PBXNativeTarget section */
		6F8FA5BF28FF8B2200C614F4 /* morning-routine */ = {
			isa = PBXNativeTarget;
			buildConfigurationList = 6F8FA61028FF8B2900C614F4 /* Build configuration list for PBXNativeTarget "morning-routine" */;
			buildPhases = (
				6F8FA5BC28FF8B2200C614F4 /* Sources */,
				6F8FA5BD28FF8B2200C614F4 /* Frameworks */,
				6F8FA5BE28FF8B2200C614F4 /* Resources */,
				6F8FA60F28FF8B2900C614F4 /* Embed Watch Content */,
			);
			buildRules = (
			);
			dependencies = (
				6F8FA5E928FF8B2700C614F4 /* PBXTargetDependency */,
			);
			name = "morning-routine";
			productName = "morning-routine";
			productReference = 6F8FA5C028FF8B2200C614F4 /* morning-routine.app */;
			productType = "com.apple.product-type.application";
		};
		6F8FA5CF28FF8B2700C614F4 /* morning-routineTests */ = {
			isa = PBXNativeTarget;
			buildConfigurationList = 6F8FA61328FF8B2900C614F4 /* Build configuration list for PBXNativeTarget "morning-routineTests" */;
			buildPhases = (
				6F8FA5CC28FF8B2700C614F4 /* Sources */,
				6F8FA5CD28FF8B2700C614F4 /* Frameworks */,
				6F8FA5CE28FF8B2700C614F4 /* Resources */,
			);
			buildRules = (
			);
			dependencies = (
				6F8FA5D228FF8B2700C614F4 /* PBXTargetDependency */,
			);
			name = "morning-routineTests";
			productName = "morning-routineTests";
			productReference = 6F8FA5D028FF8B2700C614F4 /* morning-routineTests.xctest */;
			productType = "com.apple.product-type.bundle.unit-test";
		};
		6F8FA5D928FF8B2700C614F4 /* morning-routineUITests */ = {
			isa = PBXNativeTarget;
			buildConfigurationList = 6F8FA61628FF8B2900C614F4 /* Build configuration list for PBXNativeTarget "morning-routineUITests" */;
			buildPhases = (
				6F8FA5D628FF8B2700C614F4 /* Sources */,
				6F8FA5D728FF8B2700C614F4 /* Frameworks */,
				6F8FA5D828FF8B2700C614F4 /* Resources */,
			);
			buildRules = (
			);
			dependencies = (
				6F8FA5DC28FF8B2700C614F4 /* PBXTargetDependency */,
			);
			name = "morning-routineUITests";
			productName = "morning-routineUITests";
			productReference = 6F8FA5DA28FF8B2700C614F4 /* morning-routineUITests.xctest */;
			productType = "com.apple.product-type.bundle.ui-testing";
		};
		6F8FA5E528FF8B2700C614F4 /* morning-routine Watch App */ = {
			isa = PBXNativeTarget;
			buildConfigurationList = 6F8FA60C28FF8B2900C614F4 /* Build configuration list for PBXNativeTarget "morning-routine Watch App" */;
			buildPhases = (
				6F8FA5E228FF8B2700C614F4 /* Sources */,
				6F8FA5E328FF8B2700C614F4 /* Frameworks */,
				6F8FA5E428FF8B2700C614F4 /* Resources */,
			);
			buildRules = (
			);
			dependencies = (
			);
			name = "morning-routine Watch App";
			productName = "morning-routine Watch App";
			productReference = 6F8FA5E628FF8B2700C614F4 /* morning-routine Watch App.app */;
			productType = "com.apple.product-type.application";
		};
		6F8FA5F728FF8B2900C614F4 /* morning-routine Watch AppTests */ = {
			isa = PBXNativeTarget;
			buildConfigurationList = 6F8FA61928FF8B2900C614F4 /* Build configuration list for PBXNativeTarget "morning-routine Watch AppTests" */;
			buildPhases = (
				6F8FA5F428FF8B2900C614F4 /* Sources */,
				6F8FA5F528FF8B2900C614F4 /* Frameworks */,
				6F8FA5F628FF8B2900C614F4 /* Resources */,
			);
			buildRules = (
			);
			dependencies = (
				6F8FA5FA28FF8B2900C614F4 /* PBXTargetDependency */,
			);
			name = "morning-routine Watch AppTests";
			productName = "morning-routine Watch AppTests";
			productReference = 6F8FA5F828FF8B2900C614F4 /* morning-routine Watch AppTests.xctest */;
			productType = "com.apple.product-type.bundle.unit-test";
		};
		6F8FA60128FF8B2900C614F4 /* morning-routine Watch AppUITests */ = {
			isa = PBXNativeTarget;
			buildConfigurationList = 6F8FA61C28FF8B2900C614F4 /* Build configuration list for PBXNativeTarget "morning-routine Watch AppUITests" */;
			buildPhases = (
				6F8FA5FE28FF8B2900C614F4 /* Sources */,
				6F8FA5FF28FF8B2900C614F4 /* Frameworks */,
				6F8FA60028FF8B2900C614F4 /* Resources */,
			);
			buildRules = (
			);
			dependencies = (
				6F8FA60428FF8B2900C614F4 /* PBXTargetDependency */,
			);
			name = "morning-routine Watch AppUITests";
			productName = "morning-routine Watch AppUITests";
			productReference = 6F8FA60228FF8B2900C614F4 /* morning-routine Watch AppUITests.xctest */;
			productType = "com.apple.product-type.bundle.ui-testing";
		};
/* End PBXNativeTarget section */

/* Begin PBXProject section */
		6F8FA5B828FF8B2200C614F4 /* Project object */ = {
			isa = PBXProject;
			attributes = {
				BuildIndependentTargetsInParallel = 1;
				LastSwiftUpdateCheck = 1400;
				LastUpgradeCheck = 1400;
				TargetAttributes = {
					6F8FA5BF28FF8B2200C614F4 = {
						CreatedOnToolsVersion = 14.0.1;
					};
					6F8FA5CF28FF8B2700C614F4 = {
						CreatedOnToolsVersion = 14.0.1;
						TestTargetID = 6F8FA5BF28FF8B2200C614F4;
					};
					6F8FA5D928FF8B2700C614F4 = {
						CreatedOnToolsVersion = 14.0.1;
						TestTargetID = 6F8FA5BF28FF8B2200C614F4;
					};
					6F8FA5E528FF8B2700C614F4 = {
						CreatedOnToolsVersion = 14.0.1;
					};
					6F8FA5F728FF8B2900C614F4 = {
						CreatedOnToolsVersion = 14.0.1;
						TestTargetID = 6F8FA5E528FF8B2700C614F4;
					};
					6F8FA60128FF8B2900C614F4 = {
						CreatedOnToolsVersion = 14.0.1;
						TestTargetID = 6F8FA5E528FF8B2700C614F4;
					};
				};
			};
			buildConfigurationList = 6F8FA5BB28FF8B2200C614F4 /* Build configuration list for PBXProject "morning-routine" */;
			compatibilityVersion = "Xcode 14.0";
			developmentRegion = en;
			hasScannedForEncodings = 0;
			knownRegions = (
				en,
				Base,
			);
			mainGroup = 6F8FA5B728FF8B2200C614F4;
			productRefGroup = 6F8FA5C128FF8B2200C614F4 /* Products */;
			projectDirPath = "";
			projectRoot = "";
			targets = (
				6F8FA5BF28FF8B2200C614F4 /* morning-routine */,
				6F8FA5CF28FF8B2700C614F4 /* morning-routineTests */,
				6F8FA5D928FF8B2700C614F4 /* morning-routineUITests */,
				6F8FA5E528FF8B2700C614F4 /* morning-routine Watch App */,
				6F8FA5F728FF8B2900C614F4 /* morning-routine Watch AppTests */,
				6F8FA60128FF8B2900C614F4 /* morning-routine Watch AppUITests */,
			);
		};
/* End PBXProject section */

/* Begin PBXResourcesBuildPhase section */
		6F8FA5BE28FF8B2200C614F4 /* Resources */ = {
			isa = PBXResourcesBuildPhase;
			buildActionMask = 2147483647;
			files = (
				6F8FA5CB28FF8B2700C614F4 /* Preview Assets.xcassets in Resources */,
				6F8FA5C828FF8B2700C614F4 /* Assets.xcassets in Resources */,
			);
			runOnlyForDeploymentPostprocessing = 0;
		};
		6F8FA5CE28FF8B2700C614F4 /* Resources */ = {
			isa = PBXResourcesBuildPhase;
			buildActionMask = 2147483647;
			files = (
			);
			runOnlyForDeploymentPostprocessing = 0;
		};
		6F8FA5D828FF8B2700C614F4 /* Resources */ = {
			isa = PBXResourcesBuildPhase;
			buildActionMask = 2147483647;
			files = (
			);
			runOnlyForDeploymentPostprocessing = 0;
		};
		6F8FA5E428FF8B2700C614F4 /* Resources */ = {
			isa = PBXResourcesBuildPhase;
			buildActionMask = 2147483647;
			files = (
				6F8FA5F328FF8B2900C614F4 /* Preview Assets.xcassets in Resources */,
				6F8FA5F028FF8B2900C614F4 /* Assets.xcassets in Resources */,
			);
			runOnlyForDeploymentPostprocessing = 0;
		};
		6F8FA5F628FF8B2900C614F4 /* Resources */ = {
			isa = PBXResourcesBuildPhase;
			buildActionMask = 2147483647;
			files = (
			);
			runOnlyForDeploymentPostprocessing = 0;
		};
		6F8FA60028FF8B2900C614F4 /* Resources */ = {
			isa = PBXResourcesBuildPhase;
			buildActionMask = 2147483647;
			files = (
			);
			runOnlyForDeploymentPostprocessing = 0;
		};
/* End PBXResourcesBuildPhase section */

/* Begin PBXSourcesBuildPhase section */
		6F8FA5BC28FF8B2200C614F4 /* Sources */ = {
			isa = PBXSourcesBuildPhase;
			buildActionMask = 2147483647;
			files = (
				6F8FA5C628FF8B2200C614F4 /* ContentView.swift in Sources */,
				6F8FA5C428FF8B2200C614F4 /* morning_routineApp.swift in Sources */,
			);
			runOnlyForDeploymentPostprocessing = 0;
		};
		6F8FA5CC28FF8B2700C614F4 /* Sources */ = {
			isa = PBXSourcesBuildPhase;
			buildActionMask = 2147483647;
			files = (
				6F8FA5D528FF8B2700C614F4 /* morning_routineTests.swift in Sources */,
			);
			runOnlyForDeploymentPostprocessing = 0;
		};
		6F8FA5D628FF8B2700C614F4 /* Sources */ = {
			isa = PBXSourcesBuildPhase;
			buildActionMask = 2147483647;
			files = (
				6F8FA5E128FF8B2700C614F4 /* morning_routineUITestsLaunchTests.swift in Sources */,
				6F8FA5DF28FF8B2700C614F4 /* morning_routineUITests.swift in Sources */,
			);
			runOnlyForDeploymentPostprocessing = 0;
		};
		6F8FA5E228FF8B2700C614F4 /* Sources */ = {
			isa = PBXSourcesBuildPhase;
			buildActionMask = 2147483647;
			files = (
				6F8FA5EE28FF8B2700C614F4 /* ContentView.swift in Sources */,
				6F8FA5EC28FF8B2700C614F4 /* morning_routineApp.swift in Sources */,
			);
			runOnlyForDeploymentPostprocessing = 0;
		};
		6F8FA5F428FF8B2900C614F4 /* Sources */ = {
			isa = PBXSourcesBuildPhase;
			buildActionMask = 2147483647;
			files = (
				6F8FA5FD28FF8B2900C614F4 /* morning_routine_Watch_AppTests.swift in Sources */,
			);
			runOnlyForDeploymentPostprocessing = 0;
		};
		6F8FA5FE28FF8B2900C614F4 /* Sources */ = {
			isa = PBXSourcesBuildPhase;
			buildActionMask = 2147483647;
			files = (
				6F8FA60928FF8B2900C614F4 /* morning_routine_Watch_AppUITestsLaunchTests.swift in Sources */,
				6F8FA60728FF8B2900C614F4 /* morning_routine_Watch_AppUITests.swift in Sources */,
			);
			runOnlyForDeploymentPostprocessing = 0;
		};
/* End PBXSourcesBuildPhase section */

/* Begin PBXTargetDependency section */
		6F8FA5D228FF8B2700C614F4 /* PBXTargetDependency */ = {
			isa = PBXTargetDependency;
			target = 6F8FA5BF28FF8B2200C614F4 /* morning-routine */;
			targetProxy = 6F8FA5D128FF8B2700C614F4 /* PBXContainerItemProxy */;
		};
		6F8FA5DC28FF8B2700C614F4 /* PBXTargetDependency */ = {
			isa = PBXTargetDependency;
			target = 6F8FA5BF28FF8B2200C614F4 /* morning-routine */;
			targetProxy = 6F8FA5DB28FF8B2700C614F4 /* PBXContainerItemProxy */;
		};
		6F8FA5E928FF8B2700C614F4 /* PBXTargetDependency */ = {
			isa = PBXTargetDependency;
			target = 6F8FA5E528FF8B2700C614F4 /* morning-routine Watch App */;
			targetProxy = 6F8FA5E828FF8B2700C614F4 /* PBXContainerItemProxy */;
		};
		6F8FA5FA28FF8B2900C614F4 /* PBXTargetDependency */ = {
			isa = PBXTargetDependency;
			target = 6F8FA5E528FF8B2700C614F4 /* morning-routine Watch App */;
			targetProxy = 6F8FA5F928FF8B2900C614F4 /* PBXContainerItemProxy */;
		};
		6F8FA60428FF8B2900C614F4 /* PBXTargetDependency */ = {
			isa = PBXTargetDependency;
			target = 6F8FA5E528FF8B2700C614F4 /* morning-routine Watch App */;
			targetProxy = 6F8FA60328FF8B2900C614F4 /* PBXContainerItemProxy */;
		};
/* End PBXTargetDependency section */

/* Begin XCBuildConfiguration section */
		6F8FA60A28FF8B2900C614F4 /* Debug */ = {
			isa = XCBuildConfiguration;
			buildSettings = {
				ALWAYS_SEARCH_USER_PATHS = NO;
				CLANG_ANALYZER_NONNULL = YES;
				CLANG_ANALYZER_NUMBER_OBJECT_CONVERSION = YES_AGGRESSIVE;
				CLANG_CXX_LANGUAGE_STANDARD = "gnu++20";
				CLANG_ENABLE_MODULES = YES;
				CLANG_ENABLE_OBJC_ARC = YES;
				CLANG_ENABLE_OBJC_WEAK = YES;
				CLANG_WARN_BLOCK_CAPTURE_AUTORELEASING = YES;
				CLANG_WARN_BOOL_CONVERSION = YES;
				CLANG_WARN_COMMA = YES;
				CLANG_WARN_CONSTANT_CONVERSION = YES;
				CLANG_WARN_DEPRECATED_OBJC_IMPLEMENTATIONS = YES;
				CLANG_WARN_DIRECT_OBJC_ISA_USAGE = YES_ERROR;
				CLANG_WARN_DOCUMENTATION_COMMENTS = YES;
				CLANG_WARN_EMPTY_BODY = YES;
				CLANG_WARN_ENUM_CONVERSION = YES;
				CLANG_WARN_INFINITE_RECURSION = YES;
				CLANG_WARN_INT_CONVERSION = YES;
				CLANG_WARN_NON_LITERAL_NULL_CONVERSION = YES;
				CLANG_WARN_OBJC_IMPLICIT_RETAIN_SELF = YES;
				CLANG_WARN_OBJC_LITERAL_CONVERSION = YES;
				CLANG_WARN_OBJC_ROOT_CLASS = YES_ERROR;
				CLANG_WARN_QUOTED_INCLUDE_IN_FRAMEWORK_HEADER = YES;
				CLANG_WARN_RANGE_LOOP_ANALYSIS = YES;
				CLANG_WARN_STRICT_PROTOTYPES = YES;
				CLANG_WARN_SUSPICIOUS_MOVE = YES;
				CLANG_WARN_UNGUARDED_AVAILABILITY = YES_AGGRESSIVE;
				CLANG_WARN_UNREACHABLE_CODE = YES;
				CLANG_WARN__DUPLICATE_METHOD_MATCH = YES;
				COPY_PHASE_STRIP = NO;
				DEBUG_INFORMATION_FORMAT = dwarf;
				ENABLE_STRICT_OBJC_MSGSEND = YES;
				ENABLE_TESTABILITY = YES;
				GCC_C_LANGUAGE_STANDARD = gnu11;
				GCC_DYNAMIC_NO_PIC = NO;
				GCC_NO_COMMON_BLOCKS = YES;
				GCC_OPTIMIZATION_LEVEL = 0;
				GCC_PREPROCESSOR_DEFINITIONS = (
					"DEBUG=1",
					"$(inherited)",
				);
				GCC_WARN_64_TO_32_BIT_CONVERSION = YES;
				GCC_WARN_ABOUT_RETURN_TYPE = YES_ERROR;
				GCC_WARN_UNDECLARED_SELECTOR = YES;
				GCC_WARN_UNINITIALIZED_AUTOS = YES_AGGRESSIVE;
				GCC_WARN_UNUSED_FUNCTION = YES;
				GCC_WARN_UNUSED_VARIABLE = YES;
				MTL_ENABLE_DEBUG_INFO = INCLUDE_SOURCE;
				MTL_FAST_MATH = YES;
				ONLY_ACTIVE_ARCH = YES;
				SWIFT_ACTIVE_COMPILATION_CONDITIONS = DEBUG;
				SWIFT_OPTIMIZATION_LEVEL = "-Onone";
			};
			name = Debug;
		};
		6F8FA60B28FF8B2900C614F4 /* Release */ = {
			isa = XCBuildConfiguration;
			buildSettings = {
				ALWAYS_SEARCH_USER_PATHS = NO;
				CLANG_ANALYZER_NONNULL = YES;
				CLANG_ANALYZER_NUMBER_OBJECT_CONVERSION = YES_AGGRESSIVE;
				CLANG_CXX_LANGUAGE_STANDARD = "gnu++20";
				CLANG_ENABLE_MODULES = YES;
				CLANG_ENABLE_OBJC_ARC = YES;
				CLANG_ENABLE_OBJC_WEAK = YES;
				CLANG_WARN_BLOCK_CAPTURE_AUTORELEASING = YES;
				CLANG_WARN_BOOL_CONVERSION = YES;
				CLANG_WARN_COMMA = YES;
				CLANG_WARN_CONSTANT_CONVERSION = YES;
				CLANG_WARN_DEPRECATED_OBJC_IMPLEMENTATIONS = YES;
				CLANG_WARN_DIRECT_OBJC_ISA_USAGE = YES_ERROR;
				CLANG_WARN_DOCUMENTATION_COMMENTS = YES;
				CLANG_WARN_EMPTY_BODY = YES;
				CLANG_WARN_ENUM_CONVERSION = YES;
				CLANG_WARN_INFINITE_RECURSION = YES;
				CLANG_WARN_INT_CONVERSION = YES;
				CLANG_WARN_NON_LITERAL_NULL_CONVERSION = YES;
				CLANG_WARN_OBJC_IMPLICIT_RETAIN_SELF = YES;
				CLANG_WARN_OBJC_LITERAL_CONVERSION = YES;
				CLANG_WARN_OBJC_ROOT_CLASS = YES_ERROR;
				CLANG_WARN_QUOTED_INCLUDE_IN_FRAMEWORK_HEADER = YES;
				CLANG_WARN_RANGE_LOOP_ANALYSIS = YES;
				CLANG_WARN_STRICT_PROTOTYPES = YES;
				CLANG_WARN_SUSPICIOUS_MOVE = YES;
				CLANG_WARN_UNGUARDED_AVAILABILITY = YES_AGGRESSIVE;
				CLANG_WARN_UNREACHABLE_CODE = YES;
				CLANG_WARN__DUPLICATE_METHOD_MATCH = YES;
				COPY_PHASE_STRIP = NO;
				DEBUG_INFORMATION_FORMAT = "dwarf-with-dsym";
				ENABLE_NS_ASSERTIONS = NO;
				ENABLE_STRICT_OBJC_MSGSEND = YES;
				GCC_C_LANGUAGE_STANDARD = gnu11;
				GCC_NO_COMMON_BLOCKS = YES;
				GCC_WARN_64_TO_32_BIT_CONVERSION = YES;
				GCC_WARN_ABOUT_RETURN_TYPE = YES_ERROR;
				GCC_WARN_UNDECLARED_SELECTOR = YES;
				GCC_WARN_UNINITIALIZED_AUTOS = YES_AGGRESSIVE;
				GCC_WARN_UNUSED_FUNCTION = YES;
				GCC_WARN_UNUSED_VARIABLE = YES;
				MTL_ENABLE_DEBUG_INFO = NO;
				MTL_FAST_MATH = YES;
				SWIFT_COMPILATION_MODE = wholemodule;
				SWIFT_OPTIMIZATION_LEVEL = "-O";
			};
			name = Release;
		};
		6F8FA60D28FF8B2900C614F4 /* Debug */ = {
			isa = XCBuildConfiguration;
			buildSettings = {
				ASSETCATALOG_COMPILER_APPICON_NAME = AppIcon;
				ASSETCATALOG_COMPILER_GLOBAL_ACCENT_COLOR_NAME = AccentColor;
				CODE_SIGN_STYLE = Automatic;
				CURRENT_PROJECT_VERSION = 1;
				DEVELOPMENT_ASSET_PATHS = "\"morning-routine Watch App/Preview Content\"";
				DEVELOPMENT_TEAM = MPKWG72TH9;
				ENABLE_PREVIEWS = YES;
				GENERATE_INFOPLIST_FILE = YES;
				INFOPLIST_KEY_CFBundleDisplayName = "morning-routine";
				INFOPLIST_KEY_UISupportedInterfaceOrientations = "UIInterfaceOrientationPortrait UIInterfaceOrientationPortraitUpsideDown";
				INFOPLIST_KEY_WKCompanionAppBundleIdentifier = "lawrence.park.morning-routine";
				LD_RUNPATH_SEARCH_PATHS = (
					"$(inherited)",
					"@executable_path/Frameworks",
				);
				MARKETING_VERSION = 1.0;
				PRODUCT_BUNDLE_IDENTIFIER = "lawrence.park.morning-routine.watchkitapp";
				PRODUCT_NAME = "$(TARGET_NAME)";
				SDKROOT = watchos;
				SKIP_INSTALL = YES;
				SWIFT_EMIT_LOC_STRINGS = YES;
				SWIFT_VERSION = 5.0;
				TARGETED_DEVICE_FAMILY = 4;
				WATCHOS_DEPLOYMENT_TARGET = 9.0;
			};
			name = Debug;
		};
		6F8FA60E28FF8B2900C614F4 /* Release */ = {
			isa = XCBuildConfiguration;
			buildSettings = {
				ASSETCATALOG_COMPILER_APPICON_NAME = AppIcon;
				ASSETCATALOG_COMPILER_GLOBAL_ACCENT_COLOR_NAME = AccentColor;
				CODE_SIGN_STYLE = Automatic;
				CURRENT_PROJECT_VERSION = 1;
				DEVELOPMENT_ASSET_PATHS = "\"morning-routine Watch App/Preview Content\"";
				DEVELOPMENT_TEAM = MPKWG72TH9;
				ENABLE_PREVIEWS = YES;
				GENERATE_INFOPLIST_FILE = YES;
				INFOPLIST_KEY_CFBundleDisplayName = "morning-routine";
				INFOPLIST_KEY_UISupportedInterfaceOrientations = "UIInterfaceOrientationPortrait UIInterfaceOrientationPortraitUpsideDown";
				INFOPLIST_KEY_WKCompanionAppBundleIdentifier = "lawrence.park.morning-routine";
				LD_RUNPATH_SEARCH_PATHS = (
					"$(inherited)",
					"@executable_path/Frameworks",
				);
				MARKETING_VERSION = 1.0;
				PRODUCT_BUNDLE_IDENTIFIER = "lawrence.park.morning-routine.watchkitapp";
				PRODUCT_NAME = "$(TARGET_NAME)";
				SDKROOT = watchos;
				SKIP_INSTALL = YES;
				SWIFT_EMIT_LOC_STRINGS = YES;
				SWIFT_VERSION = 5.0;
				TARGETED_DEVICE_FAMILY = 4;
				VALIDATE_PRODUCT = YES;
				WATCHOS_DEPLOYMENT_TARGET = 9.0;
			};
			name = Release;
		};
		6F8FA61128FF8B2900C614F4 /* Debug */ = {
			isa = XCBuildConfiguration;
			buildSettings = {
				ALWAYS_EMBED_SWIFT_STANDARD_LIBRARIES = YES;
				ASSETCATALOG_COMPILER_APPICON_NAME = AppIcon;
				ASSETCATALOG_COMPILER_GLOBAL_ACCENT_COLOR_NAME = AccentColor;
				CODE_SIGN_STYLE = Automatic;
				CURRENT_PROJECT_VERSION = 1;
				DEVELOPMENT_ASSET_PATHS = "\"morning-routine/Preview Content\"";
				DEVELOPMENT_TEAM = MPKWG72TH9;
				ENABLE_PREVIEWS = YES;
				GENERATE_INFOPLIST_FILE = YES;
				INFOPLIST_KEY_CFBundleDisplayName = "morning-routine";
				INFOPLIST_KEY_UIApplicationSceneManifest_Generation = YES;
				INFOPLIST_KEY_UIApplicationSupportsIndirectInputEvents = YES;
				INFOPLIST_KEY_UILaunchScreen_Generation = YES;
				INFOPLIST_KEY_UISupportedInterfaceOrientations_iPad = "UIInterfaceOrientationPortrait UIInterfaceOrientationPortraitUpsideDown UIInterfaceOrientationLandscapeLeft UIInterfaceOrientationLandscapeRight";
				INFOPLIST_KEY_UISupportedInterfaceOrientations_iPhone = "UIInterfaceOrientationPortrait UIInterfaceOrientationLandscapeLeft UIInterfaceOrientationLandscapeRight";
				IPHONEOS_DEPLOYMENT_TARGET = 16.0;
				LD_RUNPATH_SEARCH_PATHS = (
					"$(inherited)",
					"@executable_path/Frameworks",
				);
				MARKETING_VERSION = 1.0;
				PRODUCT_BUNDLE_IDENTIFIER = "lawrence.park.morning-routine";
				PRODUCT_NAME = "$(TARGET_NAME)";
				SDKROOT = iphoneos;
				SWIFT_EMIT_LOC_STRINGS = YES;
				SWIFT_VERSION = 5.0;
				TARGETED_DEVICE_FAMILY = "1,2";
			};
			name = Debug;
		};
		6F8FA61228FF8B2900C614F4 /* Release */ = {
			isa = XCBuildConfiguration;
			buildSettings = {
				ALWAYS_EMBED_SWIFT_STANDARD_LIBRARIES = YES;
				ASSETCATALOG_COMPILER_APPICON_NAME = AppIcon;
				ASSETCATALOG_COMPILER_GLOBAL_ACCENT_COLOR_NAME = AccentColor;
				CODE_SIGN_STYLE = Automatic;
				CURRENT_PROJECT_VERSION = 1;
				DEVELOPMENT_ASSET_PATHS = "\"morning-routine/Preview Content\"";
				DEVELOPMENT_TEAM = MPKWG72TH9;
				ENABLE_PREVIEWS = YES;
				GENERATE_INFOPLIST_FILE = YES;
				INFOPLIST_KEY_CFBundleDisplayName = "morning-routine";
				INFOPLIST_KEY_UIApplicationSceneManifest_Generation = YES;
				INFOPLIST_KEY_UIApplicationSupportsIndirectInputEvents = YES;
				INFOPLIST_KEY_UILaunchScreen_Generation = YES;
				INFOPLIST_KEY_UISupportedInterfaceOrientations_iPad = "UIInterfaceOrientationPortrait UIInterfaceOrientationPortraitUpsideDown UIInterfaceOrientationLandscapeLeft UIInterfaceOrientationLandscapeRight";
				INFOPLIST_KEY_UISupportedInterfaceOrientations_iPhone = "UIInterfaceOrientationPortrait UIInterfaceOrientationLandscapeLeft UIInterfaceOrientationLandscapeRight";
				IPHONEOS_DEPLOYMENT_TARGET = 16.0;
				LD_RUNPATH_SEARCH_PATHS = (
					"$(inherited)",
					"@executable_path/Frameworks",
				);
				MARKETING_VERSION = 1.0;
				PRODUCT_BUNDLE_IDENTIFIER = "lawrence.park.morning-routine";
				PRODUCT_NAME = "$(TARGET_NAME)";
				SDKROOT = iphoneos;
				SWIFT_EMIT_LOC_STRINGS = YES;
				SWIFT_VERSION = 5.0;
				TARGETED_DEVICE_FAMILY = "1,2";
				VALIDATE_PRODUCT = YES;
			};
			name = Release;
		};
		6F8FA61428FF8B2900C614F4 /* Debug */ = {
			isa = XCBuildConfiguration;
			buildSettings = {
				ALWAYS_EMBED_SWIFT_STANDARD_LIBRARIES = YES;
				BUNDLE_LOADER = "$(TEST_HOST)";
				CODE_SIGN_STYLE = Automatic;
				CURRENT_PROJECT_VERSION = 1;
				DEVELOPMENT_TEAM = MPKWG72TH9;
				GENERATE_INFOPLIST_FILE = YES;
				IPHONEOS_DEPLOYMENT_TARGET = 16.0;
				MARKETING_VERSION = 1.0;
				PRODUCT_BUNDLE_IDENTIFIER = "lawrence.park.morning-routineTests";
				PRODUCT_NAME = "$(TARGET_NAME)";
				SDKROOT = iphoneos;
				SWIFT_EMIT_LOC_STRINGS = NO;
				SWIFT_VERSION = 5.0;
				TARGETED_DEVICE_FAMILY = "1,2";
				TEST_HOST = "$(BUILT_PRODUCTS_DIR)/morning-routine.app/$(BUNDLE_EXECUTABLE_FOLDER_PATH)/morning-routine";
			};
			name = Debug;
		};
		6F8FA61528FF8B2900C614F4 /* Release */ = {
			isa = XCBuildConfiguration;
			buildSettings = {
				ALWAYS_EMBED_SWIFT_STANDARD_LIBRARIES = YES;
				BUNDLE_LOADER = "$(TEST_HOST)";
				CODE_SIGN_STYLE = Automatic;
				CURRENT_PROJECT_VERSION = 1;
				DEVELOPMENT_TEAM = MPKWG72TH9;
				GENERATE_INFOPLIST_FILE = YES;
				IPHONEOS_DEPLOYMENT_TARGET = 16.0;
				MARKETING_VERSION = 1.0;
				PRODUCT_BUNDLE_IDENTIFIER = "lawrence.park.morning-routineTests";
				PRODUCT_NAME = "$(TARGET_NAME)";
				SDKROOT = iphoneos;
				SWIFT_EMIT_LOC_STRINGS = NO;
				SWIFT_VERSION = 5.0;
				TARGETED_DEVICE_FAMILY = "1,2";
				TEST_HOST = "$(BUILT_PRODUCTS_DIR)/morning-routine.app/$(BUNDLE_EXECUTABLE_FOLDER_PATH)/morning-routine";
				VALIDATE_PRODUCT = YES;
			};
			name = Release;
		};
		6F8FA61728FF8B2900C614F4 /* Debug */ = {
			isa = XCBuildConfiguration;
			buildSettings = {
				ALWAYS_EMBED_SWIFT_STANDARD_LIBRARIES = YES;
				CODE_SIGN_STYLE = Automatic;
				CURRENT_PROJECT_VERSION = 1;
				DEVELOPMENT_TEAM = MPKWG72TH9;
				GENERATE_INFOPLIST_FILE = YES;
				IPHONEOS_DEPLOYMENT_TARGET = 16.0;
				MARKETING_VERSION = 1.0;
				PRODUCT_BUNDLE_IDENTIFIER = "lawrence.park.morning-routineUITests";
				PRODUCT_NAME = "$(TARGET_NAME)";
				SDKROOT = iphoneos;
				SWIFT_EMIT_LOC_STRINGS = NO;
				SWIFT_VERSION = 5.0;
				TARGETED_DEVICE_FAMILY = "1,2";
				TEST_TARGET_NAME = "morning-routine";
			};
			name = Debug;
		};
		6F8FA61828FF8B2900C614F4 /* Release */ = {
			isa = XCBuildConfiguration;
			buildSettings = {
				ALWAYS_EMBED_SWIFT_STANDARD_LIBRARIES = YES;
				CODE_SIGN_STYLE = Automatic;
				CURRENT_PROJECT_VERSION = 1;
				DEVELOPMENT_TEAM = MPKWG72TH9;
				GENERATE_INFOPLIST_FILE = YES;
				IPHONEOS_DEPLOYMENT_TARGET = 16.0;
				MARKETING_VERSION = 1.0;
				PRODUCT_BUNDLE_IDENTIFIER = "lawrence.park.morning-routineUITests";
				PRODUCT_NAME = "$(TARGET_NAME)";
				SDKROOT = iphoneos;
				SWIFT_EMIT_LOC_STRINGS = NO;
				SWIFT_VERSION = 5.0;
				TARGETED_DEVICE_FAMILY = "1,2";
				TEST_TARGET_NAME = "morning-routine";
				VALIDATE_PRODUCT = YES;
			};
			name = Release;
		};
		6F8FA61A28FF8B2900C614F4 /* Debug */ = {
			isa = XCBuildConfiguration;
			buildSettings = {
				ALWAYS_EMBED_SWIFT_STANDARD_LIBRARIES = YES;
				BUNDLE_LOADER = "$(TEST_HOST)";
				CODE_SIGN_STYLE = Automatic;
				CURRENT_PROJECT_VERSION = 1;
				DEVELOPMENT_TEAM = MPKWG72TH9;
				GENERATE_INFOPLIST_FILE = YES;
				MARKETING_VERSION = 1.0;
				PRODUCT_BUNDLE_IDENTIFIER = "lawrence.park.morning-routine-Watch-AppTests";
				PRODUCT_NAME = "$(TARGET_NAME)";
				SDKROOT = watchos;
				SWIFT_EMIT_LOC_STRINGS = NO;
				SWIFT_VERSION = 5.0;
				TARGETED_DEVICE_FAMILY = 4;
				TEST_HOST = "$(BUILT_PRODUCTS_DIR)/morning-routine Watch App.app/$(BUNDLE_EXECUTABLE_FOLDER_PATH)/morning-routine Watch App";
				WATCHOS_DEPLOYMENT_TARGET = 9.0;
			};
			name = Debug;
		};
		6F8FA61B28FF8B2900C614F4 /* Release */ = {
			isa = XCBuildConfiguration;
			buildSettings = {
				ALWAYS_EMBED_SWIFT_STANDARD_LIBRARIES = YES;
				BUNDLE_LOADER = "$(TEST_HOST)";
				CODE_SIGN_STYLE = Automatic;
				CURRENT_PROJECT_VERSION = 1;
				DEVELOPMENT_TEAM = MPKWG72TH9;
				GENERATE_INFOPLIST_FILE = YES;
				MARKETING_VERSION = 1.0;
				PRODUCT_BUNDLE_IDENTIFIER = "lawrence.park.morning-routine-Watch-AppTests";
				PRODUCT_NAME = "$(TARGET_NAME)";
				SDKROOT = watchos;
				SWIFT_EMIT_LOC_STRINGS = NO;
				SWIFT_VERSION = 5.0;
				TARGETED_DEVICE_FAMILY = 4;
				TEST_HOST = "$(BUILT_PRODUCTS_DIR)/morning-routine Watch App.app/$(BUNDLE_EXECUTABLE_FOLDER_PATH)/morning-routine Watch App";
				VALIDATE_PRODUCT = YES;
				WATCHOS_DEPLOYMENT_TARGET = 9.0;
			};
			name = Release;
		};
		6F8FA61D28FF8B2900C614F4 /* Debug */ = {
			isa = XCBuildConfiguration;
			buildSettings = {
				ALWAYS_EMBED_SWIFT_STANDARD_LIBRARIES = YES;
				CODE_SIGN_STYLE = Automatic;
				CURRENT_PROJECT_VERSION = 1;
				DEVELOPMENT_TEAM = MPKWG72TH9;
				GENERATE_INFOPLIST_FILE = YES;
				MARKETING_VERSION = 1.0;
				PRODUCT_BUNDLE_IDENTIFIER = "lawrence.park.morning-routine-Watch-AppUITests";
				PRODUCT_NAME = "$(TARGET_NAME)";
				SDKROOT = watchos;
				SWIFT_EMIT_LOC_STRINGS = NO;
				SWIFT_VERSION = 5.0;
				TARGETED_DEVICE_FAMILY = 4;
				TEST_TARGET_NAME = "morning-routine Watch App";
				WATCHOS_DEPLOYMENT_TARGET = 9.0;
			};
			name = Debug;
		};
		6F8FA61E28FF8B2900C614F4 /* Release */ = {
			isa = XCBuildConfiguration;
			buildSettings = {
				ALWAYS_EMBED_SWIFT_STANDARD_LIBRARIES = YES;
				CODE_SIGN_STYLE = Automatic;
				CURRENT_PROJECT_VERSION = 1;
				DEVELOPMENT_TEAM = MPKWG72TH9;
				GENERATE_INFOPLIST_FILE = YES;
				MARKETING_VERSION = 1.0;
				PRODUCT_BUNDLE_IDENTIFIER = "lawrence.park.morning-routine-Watch-AppUITests";
				PRODUCT_NAME = "$(TARGET_NAME)";
				SDKROOT = watchos;
				SWIFT_EMIT_LOC_STRINGS = NO;
				SWIFT_VERSION = 5.0;
				TARGETED_DEVICE_FAMILY = 4;
				TEST_TARGET_NAME = "morning-routine Watch App";
				VALIDATE_PRODUCT = YES;
				WATCHOS_DEPLOYMENT_TARGET = 9.0;
			};
			name = Release;
		};
/* End XCBuildConfiguration section */

/* Begin XCConfigurationList section */
		6F8FA5BB28FF8B2200C614F4 /* Build configuration list for PBXProject "morning-routine" */ = {
			isa = XCConfigurationList;
			buildConfigurations = (
				6F8FA60A28FF8B2900C614F4 /* Debug */,
				6F8FA60B28FF8B2900C614F4 /* Release */,
			);
			defaultConfigurationIsVisible = 0;
			defaultConfigurationName = Release;
		};
		6F8FA60C28FF8B2900C614F4 /* Build configuration list for PBXNativeTarget "morning-routine Watch App" */ = {
			isa = XCConfigurationList;
			buildConfigurations = (
				6F8FA60D28FF8B2900C614F4 /* Debug */,
				6F8FA60E28FF8B2900C614F4 /* Release */,
			);
			defaultConfigurationIsVisible = 0;
			defaultConfigurationName = Release;
		};
		6F8FA61028FF8B2900C614F4 /* Build configuration list for PBXNativeTarget "morning-routine" */ = {
			isa = XCConfigurationList;
			buildConfigurations = (
				6F8FA61128FF8B2900C614F4 /* Debug */,
				6F8FA61228FF8B2900C614F4 /* Release */,
			);
			defaultConfigurationIsVisible = 0;
			defaultConfigurationName = Release;
		};
		6F8FA61328FF8B2900C614F4 /* Build configuration list for PBXNativeTarget "morning-routineTests" */ = {
			isa = XCConfigurationList;
			buildConfigurations = (
				6F8FA61428FF8B2900C614F4 /* Debug */,
				6F8FA61528FF8B2900C614F4 /* Release */,
			);
			defaultConfigurationIsVisible = 0;
			defaultConfigurationName = Release;
		};
		6F8FA61628FF8B2900C614F4 /* Build configuration list for PBXNativeTarget "morning-routineUITests" */ = {
			isa = XCConfigurationList;
			buildConfigurations = (
				6F8FA61728FF8B2900C614F4 /* Debug */,
				6F8FA61828FF8B2900C614F4 /* Release */,
			);
			defaultConfigurationIsVisible = 0;
			defaultConfigurationName = Release;
		};
		6F8FA61928FF8B2900C614F4 /* Build configuration list for PBXNativeTarget "morning-routine Watch AppTests" */ = {
			isa = XCConfigurationList;
			buildConfigurations = (
				6F8FA61A28FF8B2900C614F4 /* Debug */,
				6F8FA61B28FF8B2900C614F4 /* Release */,
			);
			defaultConfigurationIsVisible = 0;
			defaultConfigurationName = Release;
		};
		6F8FA61C28FF8B2900C614F4 /* Build configuration list for PBXNativeTarget "morning-routine Watch AppUITests" */ = {
			isa = XCConfigurationList;
			buildConfigurations = (
				6F8FA61D28FF8B2900C614F4 /* Debug */,
				6F8FA61E28FF8B2900C614F4 /* Release */,
			);
			defaultConfigurationIsVisible = 0;
			defaultConfigurationName = Release;
		};
/* End XCConfigurationList section */
	};
	rootObject = 6F8FA5B828FF8B2200C614F4 /* Project object */;
}
